// !$*UTF8*$!
{
	archiveVersion = 1;
	classes = {
	};
	objectVersion = 51;
	objects = {

/* Begin PBXBuildFile section */
		66BF99FB52B0AA6F17014A7A /* Pods_tutorNtutee.framework in Frameworks */ = {isa = PBXBuildFile; fileRef = 8C5B72971EB42BA371BFCE2A /* Pods_tutorNtutee.framework */; };
		7F0D0853238E2CA400147B5B /* MessageUser.swift in Sources */ = {isa = PBXBuildFile; fileRef = 7F0D0852238E2CA400147B5B /* MessageUser.swift */; };
		7F548B312383A0C300BC9720 /* ChatViewController.swift in Sources */ = {isa = PBXBuildFile; fileRef = 7F548B302383A0C300BC9720 /* ChatViewController.swift */; };
		7F6C63E62388CC2200D01DE0 /* Message.swift in Sources */ = {isa = PBXBuildFile; fileRef = 7F6C63E52388CC2200D01DE0 /* Message.swift */; };
		7F6C63EC238B83D600D01DE0 /* SendTableViewCell.swift in Sources */ = {isa = PBXBuildFile; fileRef = 7F6C63EB238B83D600D01DE0 /* SendTableViewCell.swift */; };
		7F6C63F0238B8EB800D01DE0 /* ReceiveTableViewCell.swift in Sources */ = {isa = PBXBuildFile; fileRef = 7F6C63EF238B8EB800D01DE0 /* ReceiveTableViewCell.swift */; };
		7F6C63F2238BA08B00D01DE0 /* ChatBoxTableViewCell.swift in Sources */ = {isa = PBXBuildFile; fileRef = 7F6C63F1238BA08B00D01DE0 /* ChatBoxTableViewCell.swift */; };
		7FA19DEA239787D1003FC2E1 /* ChatToSomeoneViewController.swift in Sources */ = {isa = PBXBuildFile; fileRef = 7FB5092B23871654002FA08F /* ChatToSomeoneViewController.swift */; };
		C57B0321237BE97300183531 /* TutorMarketViewController.swift in Sources */ = {isa = PBXBuildFile; fileRef = C57B0320237BE97300183531 /* TutorMarketViewController.swift */; };
		C58B741C23849BF1005B5DC3 /* ProfileViewController.swift in Sources */ = {isa = PBXBuildFile; fileRef = C58B741B23849BF1005B5DC3 /* ProfileViewController.swift */; };
		C58B741E23849C20005B5DC3 /* NewPostViewController.swift in Sources */ = {isa = PBXBuildFile; fileRef = C58B741D23849C20005B5DC3 /* NewPostViewController.swift */; };
		C58B742023849C67005B5DC3 /* HomeViewController.swift in Sources */ = {isa = PBXBuildFile; fileRef = C58B741F23849C67005B5DC3 /* HomeViewController.swift */; };
		C59AC2C3237CC76A00CFCC09 /* SessionPostCell.swift in Sources */ = {isa = PBXBuildFile; fileRef = C59AC2C2237CC76A00CFCC09 /* SessionPostCell.swift */; };
		C59AC2CB237CD17600CFCC09 /* DetailVC.swift in Sources */ = {isa = PBXBuildFile; fileRef = C59AC2CA237CD17600CFCC09 /* DetailVC.swift */; };
		C59AC2CD237CDE6D00CFCC09 /* default.png in Resources */ = {isa = PBXBuildFile; fileRef = C59AC2CC237CDE6D00CFCC09 /* default.png */; };
		C5FAD6CB2378E1CE008E3BB7 /* GoogleService-Info.plist in Resources */ = {isa = PBXBuildFile; fileRef = C5FAD6CA2378E1CE008E3BB7 /* GoogleService-Info.plist */; };
		D28DBAC723789D1000A7627E /* AppDelegate.swift in Sources */ = {isa = PBXBuildFile; fileRef = D28DBAC623789D1000A7627E /* AppDelegate.swift */; };
		D28DBAC923789D1000A7627E /* SceneDelegate.swift in Sources */ = {isa = PBXBuildFile; fileRef = D28DBAC823789D1000A7627E /* SceneDelegate.swift */; };
		D28DBACB23789D1000A7627E /* ViewController.swift in Sources */ = {isa = PBXBuildFile; fileRef = D28DBACA23789D1000A7627E /* ViewController.swift */; };
		D28DBACE23789D1000A7627E /* Main.storyboard in Resources */ = {isa = PBXBuildFile; fileRef = D28DBACC23789D1000A7627E /* Main.storyboard */; };
		D28DBAD023789D1200A7627E /* Assets.xcassets in Resources */ = {isa = PBXBuildFile; fileRef = D28DBACF23789D1200A7627E /* Assets.xcassets */; };
		D28DBAD323789D1200A7627E /* LaunchScreen.storyboard in Resources */ = {isa = PBXBuildFile; fileRef = D28DBAD123789D1200A7627E /* LaunchScreen.storyboard */; };
		D2918DA02390B9E700FE8C73 /* CategoryVC.swift in Sources */ = {isa = PBXBuildFile; fileRef = D2918D9F2390B9E700FE8C73 /* CategoryVC.swift */; };
		D2918DA22390BA3000FE8C73 /* CoreLocation.framework in Frameworks */ = {isa = PBXBuildFile; fileRef = D2918DA12390BA3000FE8C73 /* CoreLocation.framework */; };
		D2DADE8B237B576400180A51 /* TutorVC.swift in Sources */ = {isa = PBXBuildFile; fileRef = D2DADE8A237B576400180A51 /* TutorVC.swift */; };
		D2DADE8D237B8C6800180A51 /* DateVC.swift in Sources */ = {isa = PBXBuildFile; fileRef = D2DADE8C237B8C6800180A51 /* DateVC.swift */; };
		D2FE4E492378CF4C005F6797 /* SignUpVC.swift in Sources */ = {isa = PBXBuildFile; fileRef = D2FE4E482378CF4C005F6797 /* SignUpVC.swift */; };
/* End PBXBuildFile section */

/* Begin PBXFileReference section */
		7F0D0852238E2CA400147B5B /* MessageUser.swift */ = {isa = PBXFileReference; lastKnownFileType = sourcecode.swift; path = MessageUser.swift; sourceTree = "<group>"; };
		7F548B302383A0C300BC9720 /* ChatViewController.swift */ = {isa = PBXFileReference; lastKnownFileType = sourcecode.swift; path = ChatViewController.swift; sourceTree = "<group>"; };
		7F6C63E52388CC2200D01DE0 /* Message.swift */ = {isa = PBXFileReference; lastKnownFileType = sourcecode.swift; path = Message.swift; sourceTree = "<group>"; };
		7F6C63EB238B83D600D01DE0 /* SendTableViewCell.swift */ = {isa = PBXFileReference; lastKnownFileType = sourcecode.swift; path = SendTableViewCell.swift; sourceTree = "<group>"; };
		7F6C63EF238B8EB800D01DE0 /* ReceiveTableViewCell.swift */ = {isa = PBXFileReference; lastKnownFileType = sourcecode.swift; path = ReceiveTableViewCell.swift; sourceTree = "<group>"; };
		7F6C63F1238BA08B00D01DE0 /* ChatBoxTableViewCell.swift */ = {isa = PBXFileReference; lastKnownFileType = sourcecode.swift; path = ChatBoxTableViewCell.swift; sourceTree = "<group>"; };
		7FB5092B23871654002FA08F /* ChatToSomeoneViewController.swift */ = {isa = PBXFileReference; lastKnownFileType = sourcecode.swift; path = ChatToSomeoneViewController.swift; sourceTree = "<group>"; };
		8C5B72971EB42BA371BFCE2A /* Pods_tutorNtutee.framework */ = {isa = PBXFileReference; explicitFileType = wrapper.framework; includeInIndex = 0; path = Pods_tutorNtutee.framework; sourceTree = BUILT_PRODUCTS_DIR; };
		C276862310DD127343FAF98C /* Pods-tutorNtutee.debug.xcconfig */ = {isa = PBXFileReference; includeInIndex = 1; lastKnownFileType = text.xcconfig; name = "Pods-tutorNtutee.debug.xcconfig"; path = "Target Support Files/Pods-tutorNtutee/Pods-tutorNtutee.debug.xcconfig"; sourceTree = "<group>"; };
		C57B0320237BE97300183531 /* TutorMarketViewController.swift */ = {isa = PBXFileReference; lastKnownFileType = sourcecode.swift; path = TutorMarketViewController.swift; sourceTree = "<group>"; };
		C58B741B23849BF1005B5DC3 /* ProfileViewController.swift */ = {isa = PBXFileReference; lastKnownFileType = sourcecode.swift; path = ProfileViewController.swift; sourceTree = "<group>"; };
		C58B741D23849C20005B5DC3 /* NewPostViewController.swift */ = {isa = PBXFileReference; lastKnownFileType = sourcecode.swift; path = NewPostViewController.swift; sourceTree = "<group>"; };
		C58B741F23849C67005B5DC3 /* HomeViewController.swift */ = {isa = PBXFileReference; lastKnownFileType = sourcecode.swift; path = HomeViewController.swift; sourceTree = "<group>"; };
		C59AC2C2237CC76A00CFCC09 /* SessionPostCell.swift */ = {isa = PBXFileReference; lastKnownFileType = sourcecode.swift; path = SessionPostCell.swift; sourceTree = "<group>"; };
		C59AC2CA237CD17600CFCC09 /* DetailVC.swift */ = {isa = PBXFileReference; lastKnownFileType = sourcecode.swift; path = DetailVC.swift; sourceTree = "<group>"; };
		C59AC2CC237CDE6D00CFCC09 /* default.png */ = {isa = PBXFileReference; lastKnownFileType = image.png; path = default.png; sourceTree = "<group>"; };
		C5FAD6CA2378E1CE008E3BB7 /* GoogleService-Info.plist */ = {isa = PBXFileReference; fileEncoding = 4; lastKnownFileType = text.plist.xml; path = "GoogleService-Info.plist"; sourceTree = "<group>"; };
		D28DBAC323789D1000A7627E /* tutorNtutee.app */ = {isa = PBXFileReference; explicitFileType = wrapper.application; includeInIndex = 0; path = tutorNtutee.app; sourceTree = BUILT_PRODUCTS_DIR; };
		D28DBAC623789D1000A7627E /* AppDelegate.swift */ = {isa = PBXFileReference; lastKnownFileType = sourcecode.swift; path = AppDelegate.swift; sourceTree = "<group>"; };
		D28DBAC823789D1000A7627E /* SceneDelegate.swift */ = {isa = PBXFileReference; lastKnownFileType = sourcecode.swift; path = SceneDelegate.swift; sourceTree = "<group>"; };
		D28DBACA23789D1000A7627E /* ViewController.swift */ = {isa = PBXFileReference; lastKnownFileType = sourcecode.swift; path = ViewController.swift; sourceTree = "<group>"; };
		D28DBACD23789D1000A7627E /* Base */ = {isa = PBXFileReference; lastKnownFileType = file.storyboard; name = Base; path = Base.lproj/Main.storyboard; sourceTree = "<group>"; };
		D28DBACF23789D1200A7627E /* Assets.xcassets */ = {isa = PBXFileReference; lastKnownFileType = folder.assetcatalog; path = Assets.xcassets; sourceTree = "<group>"; };
		D28DBAD223789D1200A7627E /* Base */ = {isa = PBXFileReference; lastKnownFileType = file.storyboard; name = Base; path = Base.lproj/LaunchScreen.storyboard; sourceTree = "<group>"; };
		D28DBAD423789D1200A7627E /* Info.plist */ = {isa = PBXFileReference; lastKnownFileType = text.plist.xml; path = Info.plist; sourceTree = "<group>"; };
		D2918D9F2390B9E700FE8C73 /* CategoryVC.swift */ = {isa = PBXFileReference; lastKnownFileType = sourcecode.swift; path = CategoryVC.swift; sourceTree = "<group>"; };
		D2918DA12390BA3000FE8C73 /* CoreLocation.framework */ = {isa = PBXFileReference; lastKnownFileType = wrapper.framework; name = CoreLocation.framework; path = System/Library/Frameworks/CoreLocation.framework; sourceTree = SDKROOT; };
		D2DADE8A237B576400180A51 /* TutorVC.swift */ = {isa = PBXFileReference; lastKnownFileType = sourcecode.swift; path = TutorVC.swift; sourceTree = "<group>"; };
		D2DADE8C237B8C6800180A51 /* DateVC.swift */ = {isa = PBXFileReference; lastKnownFileType = sourcecode.swift; path = DateVC.swift; sourceTree = "<group>"; };
		D2FE4E482378CF4C005F6797 /* SignUpVC.swift */ = {isa = PBXFileReference; lastKnownFileType = sourcecode.swift; path = SignUpVC.swift; sourceTree = "<group>"; };
		E654B7295F1ED517DD42B5F0 /* Pods-tutorNtutee.release.xcconfig */ = {isa = PBXFileReference; includeInIndex = 1; lastKnownFileType = text.xcconfig; name = "Pods-tutorNtutee.release.xcconfig"; path = "Target Support Files/Pods-tutorNtutee/Pods-tutorNtutee.release.xcconfig"; sourceTree = "<group>"; };
/* End PBXFileReference section */

/* Begin PBXFrameworksBuildPhase section */
		D28DBAC023789D1000A7627E /* Frameworks */ = {
			isa = PBXFrameworksBuildPhase;
			buildActionMask = 2147483647;
			files = (
				D2918DA22390BA3000FE8C73 /* CoreLocation.framework in Frameworks */,
				66BF99FB52B0AA6F17014A7A /* Pods_tutorNtutee.framework in Frameworks */,
			);
			runOnlyForDeploymentPostprocessing = 0;
		};
/* End PBXFrameworksBuildPhase section */

/* Begin PBXGroup section */
		9CA0318E0E995897CD92569C /* Pods */ = {
			isa = PBXGroup;
			children = (
				C276862310DD127343FAF98C /* Pods-tutorNtutee.debug.xcconfig */,
				E654B7295F1ED517DD42B5F0 /* Pods-tutorNtutee.release.xcconfig */,
			);
			path = Pods;
			sourceTree = "<group>";
		};
		AC0B10DFE902C8EF94648F9C /* Frameworks */ = {
			isa = PBXGroup;
			children = (
				D2918DA12390BA3000FE8C73 /* CoreLocation.framework */,
				8C5B72971EB42BA371BFCE2A /* Pods_tutorNtutee.framework */,
			);
			name = Frameworks;
			sourceTree = "<group>";
		};
		D28DBABA23789D1000A7627E = {
			isa = PBXGroup;
			children = (
				D28DBAC523789D1000A7627E /* tutorNtutee */,
				D28DBAC423789D1000A7627E /* Products */,
				9CA0318E0E995897CD92569C /* Pods */,
				AC0B10DFE902C8EF94648F9C /* Frameworks */,
			);
			sourceTree = "<group>";
		};
		D28DBAC423789D1000A7627E /* Products */ = {
			isa = PBXGroup;
			children = (
				D28DBAC323789D1000A7627E /* tutorNtutee.app */,
			);
			name = Products;
			sourceTree = "<group>";
		};
		D28DBAC523789D1000A7627E /* tutorNtutee */ = {
			isa = PBXGroup;
			children = (
				C59AC2CC237CDE6D00CFCC09 /* default.png */,
				C5FAD6CA2378E1CE008E3BB7 /* GoogleService-Info.plist */,
				D28DBAC623789D1000A7627E /* AppDelegate.swift */,
				D28DBAC823789D1000A7627E /* SceneDelegate.swift */,
				D28DBACA23789D1000A7627E /* ViewController.swift */,
				D2FE4E482378CF4C005F6797 /* SignUpVC.swift */,
				D2DADE8A237B576400180A51 /* TutorVC.swift */,
				D2918D9F2390B9E700FE8C73 /* CategoryVC.swift */,
				D2DADE8C237B8C6800180A51 /* DateVC.swift */,
				D28DBACC23789D1000A7627E /* Main.storyboard */,
				D28DBACF23789D1200A7627E /* Assets.xcassets */,
				D28DBAD123789D1200A7627E /* LaunchScreen.storyboard */,
				D28DBAD423789D1200A7627E /* Info.plist */,
				C57B0320237BE97300183531 /* TutorMarketViewController.swift */,
				C59AC2C2237CC76A00CFCC09 /* SessionPostCell.swift */,
				C59AC2CA237CD17600CFCC09 /* DetailVC.swift */,
				7F548B302383A0C300BC9720 /* ChatViewController.swift */,
				C58B741B23849BF1005B5DC3 /* ProfileViewController.swift */,
				C58B741D23849C20005B5DC3 /* NewPostViewController.swift */,
				C58B741F23849C67005B5DC3 /* HomeViewController.swift */,
				7FB5092B23871654002FA08F /* ChatToSomeoneViewController.swift */,
				7F6C63E52388CC2200D01DE0 /* Message.swift */,
				7F6C63EB238B83D600D01DE0 /* SendTableViewCell.swift */,
				7F6C63EF238B8EB800D01DE0 /* ReceiveTableViewCell.swift */,
				7F6C63F1238BA08B00D01DE0 /* ChatBoxTableViewCell.swift */,
				7F0D0852238E2CA400147B5B /* MessageUser.swift */,
			);
			path = tutorNtutee;
			sourceTree = "<group>";
		};
/* End PBXGroup section */

/* Begin PBXNativeTarget section */
		D28DBAC223789D1000A7627E /* tutorNtutee */ = {
			isa = PBXNativeTarget;
			buildConfigurationList = D28DBAD723789D1200A7627E /* Build configuration list for PBXNativeTarget "tutorNtutee" */;
			buildPhases = (
				0040B1C73A2CCA8FAE1D37BE /* [CP] Check Pods Manifest.lock */,
				D28DBABF23789D1000A7627E /* Sources */,
				D28DBAC023789D1000A7627E /* Frameworks */,
				D28DBAC123789D1000A7627E /* Resources */,
				77CA1E7AC1703E158C2F7421 /* [CP] Embed Pods Frameworks */,
			);
			buildRules = (
			);
			dependencies = (
			);
			name = tutorNtutee;
			productName = tutorNtutee;
			productReference = D28DBAC323789D1000A7627E /* tutorNtutee.app */;
			productType = "com.apple.product-type.application";
		};
/* End PBXNativeTarget section */

/* Begin PBXProject section */
		D28DBABB23789D1000A7627E /* Project object */ = {
			isa = PBXProject;
			attributes = {
				LastSwiftUpdateCheck = 1100;
				LastUpgradeCheck = 1100;
				ORGANIZATIONNAME = "Alessandro Liu";
				TargetAttributes = {
					D28DBAC223789D1000A7627E = {
						CreatedOnToolsVersion = 11.0;
					};
				};
			};
			buildConfigurationList = D28DBABE23789D1000A7627E /* Build configuration list for PBXProject "tutorNtutee" */;
			compatibilityVersion = "Xcode 9.3";
			developmentRegion = en;
			hasScannedForEncodings = 0;
			knownRegions = (
				en,
				Base,
			);
			mainGroup = D28DBABA23789D1000A7627E;
			productRefGroup = D28DBAC423789D1000A7627E /* Products */;
			projectDirPath = "";
			projectRoot = "";
			targets = (
				D28DBAC223789D1000A7627E /* tutorNtutee */,
			);
		};
/* End PBXProject section */

/* Begin PBXResourcesBuildPhase section */
		D28DBAC123789D1000A7627E /* Resources */ = {
			isa = PBXResourcesBuildPhase;
			buildActionMask = 2147483647;
			files = (
				D28DBAD323789D1200A7627E /* LaunchScreen.storyboard in Resources */,
				C5FAD6CB2378E1CE008E3BB7 /* GoogleService-Info.plist in Resources */,
				D28DBAD023789D1200A7627E /* Assets.xcassets in Resources */,
				D28DBACE23789D1000A7627E /* Main.storyboard in Resources */,
				C59AC2CD237CDE6D00CFCC09 /* default.png in Resources */,
			);
			runOnlyForDeploymentPostprocessing = 0;
		};
/* End PBXResourcesBuildPhase section */

/* Begin PBXShellScriptBuildPhase section */
		0040B1C73A2CCA8FAE1D37BE /* [CP] Check Pods Manifest.lock */ = {
			isa = PBXShellScriptBuildPhase;
			buildActionMask = 2147483647;
			files = (
			);
			inputFileListPaths = (
			);
			inputPaths = (
				"${PODS_PODFILE_DIR_PATH}/Podfile.lock",
				"${PODS_ROOT}/Manifest.lock",
			);
			name = "[CP] Check Pods Manifest.lock";
			outputFileListPaths = (
			);
			outputPaths = (
				"$(DERIVED_FILE_DIR)/Pods-tutorNtutee-checkManifestLockResult.txt",
			);
			runOnlyForDeploymentPostprocessing = 0;
			shellPath = /bin/sh;
			shellScript = "diff \"${PODS_PODFILE_DIR_PATH}/Podfile.lock\" \"${PODS_ROOT}/Manifest.lock\" > /dev/null\nif [ $? != 0 ] ; then\n    # print error to STDERR\n    echo \"error: The sandbox is not in sync with the Podfile.lock. Run 'pod install' or update your CocoaPods installation.\" >&2\n    exit 1\nfi\n# This output is used by Xcode 'outputs' to avoid re-running this script phase.\necho \"SUCCESS\" > \"${SCRIPT_OUTPUT_FILE_0}\"\n";
			showEnvVarsInLog = 0;
		};
		77CA1E7AC1703E158C2F7421 /* [CP] Embed Pods Frameworks */ = {
			isa = PBXShellScriptBuildPhase;
			buildActionMask = 2147483647;
			files = (
			);
			inputFileListPaths = (
				"${PODS_ROOT}/Target Support Files/Pods-tutorNtutee/Pods-tutorNtutee-frameworks-${CONFIGURATION}-input-files.xcfilelist",
			);
			name = "[CP] Embed Pods Frameworks";
			outputFileListPaths = (
				"${PODS_ROOT}/Target Support Files/Pods-tutorNtutee/Pods-tutorNtutee-frameworks-${CONFIGURATION}-output-files.xcfilelist",
			);
			runOnlyForDeploymentPostprocessing = 0;
			shellPath = /bin/sh;
			shellScript = "\"${PODS_ROOT}/Target Support Files/Pods-tutorNtutee/Pods-tutorNtutee-frameworks.sh\"\n";
			showEnvVarsInLog = 0;
		};
/* End PBXShellScriptBuildPhase section */

/* Begin PBXSourcesBuildPhase section */
		D28DBABF23789D1000A7627E /* Sources */ = {
			isa = PBXSourcesBuildPhase;
			buildActionMask = 2147483647;
			files = (
				C57B0321237BE97300183531 /* TutorMarketViewController.swift in Sources */,
				D2DADE8D237B8C6800180A51 /* DateVC.swift in Sources */,
				C59AC2C3237CC76A00CFCC09 /* SessionPostCell.swift in Sources */,
				7F0D0853238E2CA400147B5B /* MessageUser.swift in Sources */,
				D2FE4E492378CF4C005F6797 /* SignUpVC.swift in Sources */,
				D2DADE8B237B576400180A51 /* TutorVC.swift in Sources */,
				C58B741E23849C20005B5DC3 /* NewPostViewController.swift in Sources */,
				C59AC2CB237CD17600CFCC09 /* DetailVC.swift in Sources */,
				C58B741C23849BF1005B5DC3 /* ProfileViewController.swift in Sources */,
				D2918DA02390B9E700FE8C73 /* CategoryVC.swift in Sources */,
				D28DBACB23789D1000A7627E /* ViewController.swift in Sources */,
				D28DBAC723789D1000A7627E /* AppDelegate.swift in Sources */,
				7F548B312383A0C300BC9720 /* ChatViewController.swift in Sources */,
				7F6C63F0238B8EB800D01DE0 /* ReceiveTableViewCell.swift in Sources */,
				7F6C63E62388CC2200D01DE0 /* Message.swift in Sources */,
				C58B742023849C67005B5DC3 /* HomeViewController.swift in Sources */,
				7FA19DEA239787D1003FC2E1 /* ChatToSomeoneViewController.swift in Sources */,
				7F6C63F2238BA08B00D01DE0 /* ChatBoxTableViewCell.swift in Sources */,
				D28DBAC923789D1000A7627E /* SceneDelegate.swift in Sources */,
				7F6C63EC238B83D600D01DE0 /* SendTableViewCell.swift in Sources */,
			);
			runOnlyForDeploymentPostprocessing = 0;
		};
/* End PBXSourcesBuildPhase section */

/* Begin PBXVariantGroup section */
		D28DBACC23789D1000A7627E /* Main.storyboard */ = {
			isa = PBXVariantGroup;
			children = (
				D28DBACD23789D1000A7627E /* Base */,
			);
			name = Main.storyboard;
			sourceTree = "<group>";
		};
		D28DBAD123789D1200A7627E /* LaunchScreen.storyboard */ = {
			isa = PBXVariantGroup;
			children = (
				D28DBAD223789D1200A7627E /* Base */,
			);
			name = LaunchScreen.storyboard;
			sourceTree = "<group>";
		};
/* End PBXVariantGroup section */

/* Begin XCBuildConfiguration section */
		D28DBAD523789D1200A7627E /* Debug */ = {
			isa = XCBuildConfiguration;
			buildSettings = {
				ALWAYS_SEARCH_USER_PATHS = NO;
				CLANG_ANALYZER_NONNULL = YES;
				CLANG_ANALYZER_NUMBER_OBJECT_CONVERSION = YES_AGGRESSIVE;
				CLANG_CXX_LANGUAGE_STANDARD = "gnu++14";
				CLANG_CXX_LIBRARY = "libc++";
				CLANG_ENABLE_MODULES = YES;
				CLANG_ENABLE_OBJC_ARC = YES;
				CLANG_ENABLE_OBJC_WEAK = YES;
				CLANG_WARN_BLOCK_CAPTURE_AUTORELEASING = YES;
				CLANG_WARN_BOOL_CONVERSION = YES;
				CLANG_WARN_COMMA = YES;
				CLANG_WARN_CONSTANT_CONVERSION = YES;
				CLANG_WARN_DEPRECATED_OBJC_IMPLEMENTATIONS = YES;
				CLANG_WARN_DIRECT_OBJC_ISA_USAGE = YES_ERROR;
				CLANG_WARN_DOCUMENTATION_COMMENTS = YES;
				CLANG_WARN_EMPTY_BODY = YES;
				CLANG_WARN_ENUM_CONVERSION = YES;
				CLANG_WARN_INFINITE_RECURSION = YES;
				CLANG_WARN_INT_CONVERSION = YES;
				CLANG_WARN_NON_LITERAL_NULL_CONVERSION = YES;
				CLANG_WARN_OBJC_IMPLICIT_RETAIN_SELF = YES;
				CLANG_WARN_OBJC_LITERAL_CONVERSION = YES;
				CLANG_WARN_OBJC_ROOT_CLASS = YES_ERROR;
				CLANG_WARN_RANGE_LOOP_ANALYSIS = YES;
				CLANG_WARN_STRICT_PROTOTYPES = YES;
				CLANG_WARN_SUSPICIOUS_MOVE = YES;
				CLANG_WARN_UNGUARDED_AVAILABILITY = YES_AGGRESSIVE;
				CLANG_WARN_UNREACHABLE_CODE = YES;
				CLANG_WARN__DUPLICATE_METHOD_MATCH = YES;
				COPY_PHASE_STRIP = NO;
				DEBUG_INFORMATION_FORMAT = dwarf;
				ENABLE_STRICT_OBJC_MSGSEND = YES;
				ENABLE_TESTABILITY = YES;
				GCC_C_LANGUAGE_STANDARD = gnu11;
				GCC_DYNAMIC_NO_PIC = NO;
				GCC_NO_COMMON_BLOCKS = YES;
				GCC_OPTIMIZATION_LEVEL = 0;
				GCC_PREPROCESSOR_DEFINITIONS = (
					"DEBUG=1",
					"$(inherited)",
				);
				GCC_WARN_64_TO_32_BIT_CONVERSION = YES;
				GCC_WARN_ABOUT_RETURN_TYPE = YES_ERROR;
				GCC_WARN_UNDECLARED_SELECTOR = YES;
				GCC_WARN_UNINITIALIZED_AUTOS = YES_AGGRESSIVE;
				GCC_WARN_UNUSED_FUNCTION = YES;
				GCC_WARN_UNUSED_VARIABLE = YES;
				IPHONEOS_DEPLOYMENT_TARGET = 13.0;
				MTL_ENABLE_DEBUG_INFO = INCLUDE_SOURCE;
				MTL_FAST_MATH = YES;
				ONLY_ACTIVE_ARCH = YES;
				SDKROOT = iphoneos;
				SWIFT_ACTIVE_COMPILATION_CONDITIONS = DEBUG;
				SWIFT_OPTIMIZATION_LEVEL = "-Onone";
			};
			name = Debug;
		};
		D28DBAD623789D1200A7627E /* Release */ = {
			isa = XCBuildConfiguration;
			buildSettings = {
				ALWAYS_SEARCH_USER_PATHS = NO;
				CLANG_ANALYZER_NONNULL = YES;
				CLANG_ANALYZER_NUMBER_OBJECT_CONVERSION = YES_AGGRESSIVE;
				CLANG_CXX_LANGUAGE_STANDARD = "gnu++14";
				CLANG_CXX_LIBRARY = "libc++";
				CLANG_ENABLE_MODULES = YES;
				CLANG_ENABLE_OBJC_ARC = YES;
				CLANG_ENABLE_OBJC_WEAK = YES;
				CLANG_WARN_BLOCK_CAPTURE_AUTORELEASING = YES;
				CLANG_WARN_BOOL_CONVERSION = YES;
				CLANG_WARN_COMMA = YES;
				CLANG_WARN_CONSTANT_CONVERSION = YES;
				CLANG_WARN_DEPRECATED_OBJC_IMPLEMENTATIONS = YES;
				CLANG_WARN_DIRECT_OBJC_ISA_USAGE = YES_ERROR;
				CLANG_WARN_DOCUMENTATION_COMMENTS = YES;
				CLANG_WARN_EMPTY_BODY = YES;
				CLANG_WARN_ENUM_CONVERSION = YES;
				CLANG_WARN_INFINITE_RECURSION = YES;
				CLANG_WARN_INT_CONVERSION = YES;
				CLANG_WARN_NON_LITERAL_NULL_CONVERSION = YES;
				CLANG_WARN_OBJC_IMPLICIT_RETAIN_SELF = YES;
				CLANG_WARN_OBJC_LITERAL_CONVERSION = YES;
				CLANG_WARN_OBJC_ROOT_CLASS = YES_ERROR;
				CLANG_WARN_RANGE_LOOP_ANALYSIS = YES;
				CLANG_WARN_STRICT_PROTOTYPES = YES;
				CLANG_WARN_SUSPICIOUS_MOVE = YES;
				CLANG_WARN_UNGUARDED_AVAILABILITY = YES_AGGRESSIVE;
				CLANG_WARN_UNREACHABLE_CODE = YES;
				CLANG_WARN__DUPLICATE_METHOD_MATCH = YES;
				COPY_PHASE_STRIP = NO;
				DEBUG_INFORMATION_FORMAT = "dwarf-with-dsym";
				ENABLE_NS_ASSERTIONS = NO;
				ENABLE_STRICT_OBJC_MSGSEND = YES;
				GCC_C_LANGUAGE_STANDARD = gnu11;
				GCC_NO_COMMON_BLOCKS = YES;
				GCC_WARN_64_TO_32_BIT_CONVERSION = YES;
				GCC_WARN_ABOUT_RETURN_TYPE = YES_ERROR;
				GCC_WARN_UNDECLARED_SELECTOR = YES;
				GCC_WARN_UNINITIALIZED_AUTOS = YES_AGGRESSIVE;
				GCC_WARN_UNUSED_FUNCTION = YES;
				GCC_WARN_UNUSED_VARIABLE = YES;
				IPHONEOS_DEPLOYMENT_TARGET = 13.0;
				MTL_ENABLE_DEBUG_INFO = NO;
				MTL_FAST_MATH = YES;
				SDKROOT = iphoneos;
				SWIFT_COMPILATION_MODE = wholemodule;
				SWIFT_OPTIMIZATION_LEVEL = "-O";
				VALIDATE_PRODUCT = YES;
			};
			name = Release;
		};
		D28DBAD823789D1200A7627E /* Debug */ = {
			isa = XCBuildConfiguration;
			baseConfigurationReference = C276862310DD127343FAF98C /* Pods-tutorNtutee.debug.xcconfig */;
			buildSettings = {
				ASSETCATALOG_COMPILER_APPICON_NAME = AppIcon;
				CODE_SIGN_STYLE = Automatic;
				INFOPLIST_FILE = tutorNtutee/Info.plist;
				LD_RUNPATH_SEARCH_PATHS = (
					"$(inherited)",
					"@executable_path/Frameworks",
				);
				PRODUCT_BUNDLE_IDENTIFIER = com.ucdavis.tutorNtutee;
				PRODUCT_NAME = "$(TARGET_NAME)";
				SWIFT_VERSION = 5.0;
				TARGETED_DEVICE_FAMILY = "1,2";
			};
			name = Debug;
		};
		D28DBAD923789D1200A7627E /* Release */ = {
			isa = XCBuildConfiguration;
			baseConfigurationReference = E654B7295F1ED517DD42B5F0 /* Pods-tutorNtutee.release.xcconfig */;
			buildSettings = {
				ASSETCATALOG_COMPILER_APPICON_NAME = AppIcon;
				CODE_SIGN_STYLE = Automatic;
				INFOPLIST_FILE = tutorNtutee/Info.plist;
				LD_RUNPATH_SEARCH_PATHS = (
					"$(inherited)",
					"@executable_path/Frameworks",
				);
				PRODUCT_BUNDLE_IDENTIFIER = com.ucdavis.tutorNtutee;
				PRODUCT_NAME = "$(TARGET_NAME)";
				SWIFT_VERSION = 5.0;
				TARGETED_DEVICE_FAMILY = "1,2";
			};
			name = Release;
		};
/* End XCBuildConfiguration section */

/* Begin XCConfigurationList section */
		D28DBABE23789D1000A7627E /* Build configuration list for PBXProject "tutorNtutee" */ = {
			isa = XCConfigurationList;
			buildConfigurations = (
				D28DBAD523789D1200A7627E /* Debug */,
				D28DBAD623789D1200A7627E /* Release */,
			);
			defaultConfigurationIsVisible = 0;
			defaultConfigurationName = Release;
		};
		D28DBAD723789D1200A7627E /* Build configuration list for PBXNativeTarget "tutorNtutee" */ = {
			isa = XCConfigurationList;
			buildConfigurations = (
				D28DBAD823789D1200A7627E /* Debug */,
				D28DBAD923789D1200A7627E /* Release */,
			);
			defaultConfigurationIsVisible = 0;
			defaultConfigurationName = Release;
		};
/* End XCConfigurationList section */
	};
	rootObject = D28DBABB23789D1000A7627E /* Project object */;
}
